PODS:
  - JXPhotoBrowser (0.4.5):
    - Kingfisher
  - Kingfisher (4.0.1)

DEPENDENCIES:
  - JXPhotoBrowser (from `..`)

EXTERNAL SOURCES:
  JXPhotoBrowser:
    :path: ..

SPEC CHECKSUMS:
  JXPhotoBrowser: b1c33a01dd7eab8132887ffd782649d8aabb0bfe
  Kingfisher: b771785e9461ed4b8686d40e7145f9e58100cb24

PODFILE CHECKSUM: 4336210e105997d3dec6769ab57764a7cd225dc3

COCOAPODS: 1.4.0
